// !$*UTF8*$!
{
	archiveVersion = 1;
	classes = {
	};
	objectVersion = 50;
	objects = {

/* Begin PBXBuildFile section */
		07ABDC66701D99B3C8A9CB16 /* Pods_NetworkRequestPracticeTests.framework in Frameworks */ = {isa = PBXBuildFile; fileRef = 623BC55F0956C8348D5E9D4C /* Pods_NetworkRequestPracticeTests.framework */; };
		1B0375C5BB2B1482FA94BEE9 /* Pods_NetworkRequestPracticeUITests.framework in Frameworks */ = {isa = PBXBuildFile; fileRef = 81FBCD0FCD19C505F7ED3ABA /* Pods_NetworkRequestPracticeUITests.framework */; };
		5F417C2790B16683A1B7C53D /* Pods_NetworkRequestPractice.framework in Frameworks */ = {isa = PBXBuildFile; fileRef = 3FD54C4DF73FBE22B682351E /* Pods_NetworkRequestPractice.framework */; };
		722112D521B6F9D20001F576 /* RepositoryListTableViewController.swift in Sources */ = {isa = PBXBuildFile; fileRef = 722112D421B6F9D20001F576 /* RepositoryListTableViewController.swift */; };
		722112D821B6FAE30001F576 /* EnterURLViewController.swift in Sources */ = {isa = PBXBuildFile; fileRef = 722112D721B6FAE30001F576 /* EnterURLViewController.swift */; };
		722112DA21B6FC4B0001F576 /* NetworkRequesterReactive.swift in Sources */ = {isa = PBXBuildFile; fileRef = 722112D921B6FC4B0001F576 /* NetworkRequesterReactive.swift */; };
		722112DC21B710D50001F576 /* NetworkRequestManagerReactive.swift in Sources */ = {isa = PBXBuildFile; fileRef = 722112DB21B710D50001F576 /* NetworkRequestManagerReactive.swift */; };
		72339F8821B06FF60041D2A3 /* AppDelegate.m in Sources */ = {isa = PBXBuildFile; fileRef = 72339F8721B06FF60041D2A3 /* AppDelegate.m */; };
		72339F8B21B06FF60041D2A3 /* ViewController.m in Sources */ = {isa = PBXBuildFile; fileRef = 72339F8A21B06FF60041D2A3 /* ViewController.m */; };
		72339F8E21B06FF60041D2A3 /* Main.storyboard in Resources */ = {isa = PBXBuildFile; fileRef = 72339F8C21B06FF60041D2A3 /* Main.storyboard */; };
		72339F9021B06FF80041D2A3 /* Assets.xcassets in Resources */ = {isa = PBXBuildFile; fileRef = 72339F8F21B06FF80041D2A3 /* Assets.xcassets */; };
		72339F9321B06FF80041D2A3 /* LaunchScreen.storyboard in Resources */ = {isa = PBXBuildFile; fileRef = 72339F9121B06FF80041D2A3 /* LaunchScreen.storyboard */; };
		72339F9621B06FF80041D2A3 /* main.m in Sources */ = {isa = PBXBuildFile; fileRef = 72339F9521B06FF80041D2A3 /* main.m */; };
		72339FA021B06FF80041D2A3 /* NetworkRequestPracticeTests.m in Sources */ = {isa = PBXBuildFile; fileRef = 72339F9F21B06FF80041D2A3 /* NetworkRequestPracticeTests.m */; };
		72339FAB21B06FF80041D2A3 /* NetworkRequestPracticeUITests.m in Sources */ = {isa = PBXBuildFile; fileRef = 72339FAA21B06FF80041D2A3 /* NetworkRequestPracticeUITests.m */; };
		72339FBA21B0701E0041D2A3 /* NetworkRequester.m in Sources */ = {isa = PBXBuildFile; fileRef = 72339FB921B0701E0041D2A3 /* NetworkRequester.m */; };
		72339FC021B08E830041D2A3 /* GitURLSession.m in Sources */ = {isa = PBXBuildFile; fileRef = 72339FBF21B08E830041D2A3 /* GitURLSession.m */; };
		72339FC521B0988B0041D2A3 /* GitURLSessionMock.m in Sources */ = {isa = PBXBuildFile; fileRef = 72339FC421B0988B0041D2A3 /* GitURLSessionMock.m */; };
		7239B07121B184F200F15CFA /* NetworkRequesterTest.m in Sources */ = {isa = PBXBuildFile; fileRef = 7239B07021B184F200F15CFA /* NetworkRequesterTest.m */; };
		7239B07821B1868100F15CFA /* NetworkRequester.m in Sources */ = {isa = PBXBuildFile; fileRef = 72339FB921B0701E0041D2A3 /* NetworkRequester.m */; };
		7239B08021B19DF400F15CFA /* CallbackViewController.m in Sources */ = {isa = PBXBuildFile; fileRef = 7239B07F21B19DF400F15CFA /* CallbackViewController.m */; };
		7239B08421B1C45400F15CFA /* AddURLViewController.m in Sources */ = {isa = PBXBuildFile; fileRef = 7239B08321B1C45400F15CFA /* AddURLViewController.m */; };
		7239B08A21B1E82300F15CFA /* NetworkRequestManager.m in Sources */ = {isa = PBXBuildFile; fileRef = 7239B08921B1E82300F15CFA /* NetworkRequestManager.m */; };
		724C230B21B7661900D15F14 /* NetworkDataStoreReactive.swift in Sources */ = {isa = PBXBuildFile; fileRef = 724C230A21B7661900D15F14 /* NetworkDataStoreReactive.swift */; };
		72A8284121B81CBD006A5143 /* RepositoryListObjCTableViewController.m in Sources */ = {isa = PBXBuildFile; fileRef = 72A8284021B81CBD006A5143 /* RepositoryListObjCTableViewController.m */; };
		72A8284421B81CDD006A5143 /* AddURLObjCViewController.m in Sources */ = {isa = PBXBuildFile; fileRef = 72A8284321B81CDD006A5143 /* AddURLObjCViewController.m */; };
		72A8284821B81F68006A5143 /* NetworkRequesterReactiveObjC.m in Sources */ = {isa = PBXBuildFile; fileRef = 72A8284721B81F68006A5143 /* NetworkRequesterReactiveObjC.m */; };
		72A8289621B8718D006A5143 /* NetworkRequestManagerReactiveObjC.m in Sources */ = {isa = PBXBuildFile; fileRef = 72A8289521B8718D006A5143 /* NetworkRequestManagerReactiveObjC.m */; };
		72A8289A21B87D82006A5143 /* NetworkDataStoreReactiveObjC.m in Sources */ = {isa = PBXBuildFile; fileRef = 72A8289921B87D82006A5143 /* NetworkDataStoreReactiveObjC.m */; };
		72C7155321B58E9E008876E8 /* NetworkDataStore.m in Sources */ = {isa = PBXBuildFile; fileRef = 72C7155221B58E9E008876E8 /* NetworkDataStore.m */; };
		72C7155921B5A8F6008876E8 /* ReadMeViewController.m in Sources */ = {isa = PBXBuildFile; fileRef = 72C7155821B5A8F6008876E8 /* ReadMeViewController.m */; };
		72C7155C21B5C3EA008876E8 /* URLConverter.m in Sources */ = {isa = PBXBuildFile; fileRef = 72C7155B21B5C3EA008876E8 /* URLConverter.m */; };
/* End PBXBuildFile section */

/* Begin PBXContainerItemProxy section */
		72339F9C21B06FF80041D2A3 /* PBXContainerItemProxy */ = {
			isa = PBXContainerItemProxy;
			containerPortal = 72339F7B21B06FF60041D2A3 /* Project object */;
			proxyType = 1;
			remoteGlobalIDString = 72339F8221B06FF60041D2A3;
			remoteInfo = NetworkRequestPractice;
		};
		72339FA721B06FF80041D2A3 /* PBXContainerItemProxy */ = {
			isa = PBXContainerItemProxy;
			containerPortal = 72339F7B21B06FF60041D2A3 /* Project object */;
			proxyType = 1;
			remoteGlobalIDString = 72339F8221B06FF60041D2A3;
			remoteInfo = NetworkRequestPractice;
		};
/* End PBXContainerItemProxy section */

/* Begin PBXFileReference section */
		3FD54C4DF73FBE22B682351E /* Pods_NetworkRequestPractice.framework */ = {isa = PBXFileReference; explicitFileType = wrapper.framework; includeInIndex = 0; path = Pods_NetworkRequestPractice.framework; sourceTree = BUILT_PRODUCTS_DIR; };
		42EB055AD8093792E24390B6 /* Pods-NetworkRequestPracticeTests.release.xcconfig */ = {isa = PBXFileReference; includeInIndex = 1; lastKnownFileType = text.xcconfig; name = "Pods-NetworkRequestPracticeTests.release.xcconfig"; path = "Pods/Target Support Files/Pods-NetworkRequestPracticeTests/Pods-NetworkRequestPracticeTests.release.xcconfig"; sourceTree = "<group>"; };
		4D3AD6EE1D1BC1E3C59A6C55 /* Pods-NetworkRequestPracticeUITests.debug.xcconfig */ = {isa = PBXFileReference; includeInIndex = 1; lastKnownFileType = text.xcconfig; name = "Pods-NetworkRequestPracticeUITests.debug.xcconfig"; path = "Pods/Target Support Files/Pods-NetworkRequestPracticeUITests/Pods-NetworkRequestPracticeUITests.debug.xcconfig"; sourceTree = "<group>"; };
		623BC55F0956C8348D5E9D4C /* Pods_NetworkRequestPracticeTests.framework */ = {isa = PBXFileReference; explicitFileType = wrapper.framework; includeInIndex = 0; path = Pods_NetworkRequestPracticeTests.framework; sourceTree = BUILT_PRODUCTS_DIR; };
		722112D421B6F9D20001F576 /* RepositoryListTableViewController.swift */ = {isa = PBXFileReference; lastKnownFileType = sourcecode.swift; path = RepositoryListTableViewController.swift; sourceTree = "<group>"; };
		722112D721B6FAE30001F576 /* EnterURLViewController.swift */ = {isa = PBXFileReference; lastKnownFileType = sourcecode.swift; path = EnterURLViewController.swift; sourceTree = "<group>"; };
		722112D921B6FC4B0001F576 /* NetworkRequesterReactive.swift */ = {isa = PBXFileReference; lastKnownFileType = sourcecode.swift; path = NetworkRequesterReactive.swift; sourceTree = "<group>"; };
		722112DB21B710D50001F576 /* NetworkRequestManagerReactive.swift */ = {isa = PBXFileReference; lastKnownFileType = sourcecode.swift; path = NetworkRequestManagerReactive.swift; sourceTree = "<group>"; };
		72339F8321B06FF60041D2A3 /* NetworkRequestPractice.app */ = {isa = PBXFileReference; explicitFileType = wrapper.application; includeInIndex = 0; path = NetworkRequestPractice.app; sourceTree = BUILT_PRODUCTS_DIR; };
		72339F8621B06FF60041D2A3 /* AppDelegate.h */ = {isa = PBXFileReference; lastKnownFileType = sourcecode.c.h; path = AppDelegate.h; sourceTree = "<group>"; };
		72339F8721B06FF60041D2A3 /* AppDelegate.m */ = {isa = PBXFileReference; lastKnownFileType = sourcecode.c.objc; path = AppDelegate.m; sourceTree = "<group>"; };
		72339F8921B06FF60041D2A3 /* ViewController.h */ = {isa = PBXFileReference; lastKnownFileType = sourcecode.c.h; path = ViewController.h; sourceTree = "<group>"; };
		72339F8A21B06FF60041D2A3 /* ViewController.m */ = {isa = PBXFileReference; lastKnownFileType = sourcecode.c.objc; path = ViewController.m; sourceTree = "<group>"; };
		72339F8D21B06FF60041D2A3 /* Base */ = {isa = PBXFileReference; lastKnownFileType = file.storyboard; name = Base; path = Base.lproj/Main.storyboard; sourceTree = "<group>"; };
		72339F8F21B06FF80041D2A3 /* Assets.xcassets */ = {isa = PBXFileReference; lastKnownFileType = folder.assetcatalog; path = Assets.xcassets; sourceTree = "<group>"; };
		72339F9221B06FF80041D2A3 /* Base */ = {isa = PBXFileReference; lastKnownFileType = file.storyboard; name = Base; path = Base.lproj/LaunchScreen.storyboard; sourceTree = "<group>"; };
		72339F9421B06FF80041D2A3 /* Info.plist */ = {isa = PBXFileReference; lastKnownFileType = text.plist.xml; path = Info.plist; sourceTree = "<group>"; };
		72339F9521B06FF80041D2A3 /* main.m */ = {isa = PBXFileReference; lastKnownFileType = sourcecode.c.objc; path = main.m; sourceTree = "<group>"; };
		72339F9B21B06FF80041D2A3 /* NetworkRequestPracticeTests.xctest */ = {isa = PBXFileReference; explicitFileType = wrapper.cfbundle; includeInIndex = 0; path = NetworkRequestPracticeTests.xctest; sourceTree = BUILT_PRODUCTS_DIR; };
		72339F9F21B06FF80041D2A3 /* NetworkRequestPracticeTests.m */ = {isa = PBXFileReference; lastKnownFileType = sourcecode.c.objc; path = NetworkRequestPracticeTests.m; sourceTree = "<group>"; };
		72339FA121B06FF80041D2A3 /* Info.plist */ = {isa = PBXFileReference; lastKnownFileType = text.plist.xml; path = Info.plist; sourceTree = "<group>"; };
		72339FA621B06FF80041D2A3 /* NetworkRequestPracticeUITests.xctest */ = {isa = PBXFileReference; explicitFileType = wrapper.cfbundle; includeInIndex = 0; path = NetworkRequestPracticeUITests.xctest; sourceTree = BUILT_PRODUCTS_DIR; };
		72339FAA21B06FF80041D2A3 /* NetworkRequestPracticeUITests.m */ = {isa = PBXFileReference; lastKnownFileType = sourcecode.c.objc; path = NetworkRequestPracticeUITests.m; sourceTree = "<group>"; };
		72339FAC21B06FF80041D2A3 /* Info.plist */ = {isa = PBXFileReference; lastKnownFileType = text.plist.xml; path = Info.plist; sourceTree = "<group>"; };
		72339FB821B0701E0041D2A3 /* NetworkRequester.h */ = {isa = PBXFileReference; lastKnownFileType = sourcecode.c.h; path = NetworkRequester.h; sourceTree = "<group>"; };
		72339FB921B0701E0041D2A3 /* NetworkRequester.m */ = {isa = PBXFileReference; lastKnownFileType = sourcecode.c.objc; path = NetworkRequester.m; sourceTree = "<group>"; };
		72339FBB21B08D8A0041D2A3 /* URLSessionProtocol.h */ = {isa = PBXFileReference; lastKnownFileType = sourcecode.c.h; path = URLSessionProtocol.h; sourceTree = "<group>"; };
		72339FBE21B08E830041D2A3 /* GitURLSession.h */ = {isa = PBXFileReference; lastKnownFileType = sourcecode.c.h; path = GitURLSession.h; sourceTree = "<group>"; };
		72339FBF21B08E830041D2A3 /* GitURLSession.m */ = {isa = PBXFileReference; lastKnownFileType = sourcecode.c.objc; path = GitURLSession.m; sourceTree = "<group>"; };
		72339FC321B0988B0041D2A3 /* GitURLSessionMock.h */ = {isa = PBXFileReference; lastKnownFileType = sourcecode.c.h; path = GitURLSessionMock.h; sourceTree = "<group>"; };
		72339FC421B0988B0041D2A3 /* GitURLSessionMock.m */ = {isa = PBXFileReference; lastKnownFileType = sourcecode.c.objc; path = GitURLSessionMock.m; sourceTree = "<group>"; };
		7239B07021B184F200F15CFA /* NetworkRequesterTest.m */ = {isa = PBXFileReference; lastKnownFileType = sourcecode.c.objc; path = NetworkRequesterTest.m; sourceTree = "<group>"; };
		7239B07E21B19DF400F15CFA /* CallbackViewController.h */ = {isa = PBXFileReference; lastKnownFileType = sourcecode.c.h; path = CallbackViewController.h; sourceTree = "<group>"; };
		7239B07F21B19DF400F15CFA /* CallbackViewController.m */ = {isa = PBXFileReference; lastKnownFileType = sourcecode.c.objc; path = CallbackViewController.m; sourceTree = "<group>"; };
		7239B08221B1C45400F15CFA /* AddURLViewController.h */ = {isa = PBXFileReference; lastKnownFileType = sourcecode.c.h; path = AddURLViewController.h; sourceTree = "<group>"; };
		7239B08321B1C45400F15CFA /* AddURLViewController.m */ = {isa = PBXFileReference; lastKnownFileType = sourcecode.c.objc; path = AddURLViewController.m; sourceTree = "<group>"; };
		7239B08821B1E82300F15CFA /* NetworkRequestManager.h */ = {isa = PBXFileReference; lastKnownFileType = sourcecode.c.h; path = NetworkRequestManager.h; sourceTree = "<group>"; };
		7239B08921B1E82300F15CFA /* NetworkRequestManager.m */ = {isa = PBXFileReference; lastKnownFileType = sourcecode.c.objc; path = NetworkRequestManager.m; sourceTree = "<group>"; };
		724C230A21B7661900D15F14 /* NetworkDataStoreReactive.swift */ = {isa = PBXFileReference; lastKnownFileType = sourcecode.swift; path = NetworkDataStoreReactive.swift; sourceTree = "<group>"; };
		72A8283F21B81CBD006A5143 /* RepositoryListObjCTableViewController.h */ = {isa = PBXFileReference; lastKnownFileType = sourcecode.c.h; path = RepositoryListObjCTableViewController.h; sourceTree = "<group>"; };
		72A8284021B81CBD006A5143 /* RepositoryListObjCTableViewController.m */ = {isa = PBXFileReference; lastKnownFileType = sourcecode.c.objc; path = RepositoryListObjCTableViewController.m; sourceTree = "<group>"; };
		72A8284221B81CDD006A5143 /* AddURLObjCViewController.h */ = {isa = PBXFileReference; lastKnownFileType = sourcecode.c.h; path = AddURLObjCViewController.h; sourceTree = "<group>"; };
		72A8284321B81CDD006A5143 /* AddURLObjCViewController.m */ = {isa = PBXFileReference; lastKnownFileType = sourcecode.c.objc; path = AddURLObjCViewController.m; sourceTree = "<group>"; };
		72A8284621B81F68006A5143 /* NetworkRequesterReactiveObjC.h */ = {isa = PBXFileReference; lastKnownFileType = sourcecode.c.h; path = NetworkRequesterReactiveObjC.h; sourceTree = "<group>"; };
		72A8284721B81F68006A5143 /* NetworkRequesterReactiveObjC.m */ = {isa = PBXFileReference; lastKnownFileType = sourcecode.c.objc; path = NetworkRequesterReactiveObjC.m; sourceTree = "<group>"; };
		72A8289421B8718D006A5143 /* NetworkRequestManagerReactiveObjC.h */ = {isa = PBXFileReference; lastKnownFileType = sourcecode.c.h; path = NetworkRequestManagerReactiveObjC.h; sourceTree = "<group>"; };
		72A8289521B8718D006A5143 /* NetworkRequestManagerReactiveObjC.m */ = {isa = PBXFileReference; lastKnownFileType = sourcecode.c.objc; path = NetworkRequestManagerReactiveObjC.m; sourceTree = "<group>"; };
		72A8289821B87D82006A5143 /* NetworkDataStoreReactiveObjC.h */ = {isa = PBXFileReference; lastKnownFileType = sourcecode.c.h; path = NetworkDataStoreReactiveObjC.h; sourceTree = "<group>"; };
		72A8289921B87D82006A5143 /* NetworkDataStoreReactiveObjC.m */ = {isa = PBXFileReference; lastKnownFileType = sourcecode.c.objc; path = NetworkDataStoreReactiveObjC.m; sourceTree = "<group>"; };
		72C7154E21B57810008876E8 /* CallbackDelegate.h */ = {isa = PBXFileReference; lastKnownFileType = sourcecode.c.h; path = CallbackDelegate.h; sourceTree = "<group>"; };
		72C7155121B58E9E008876E8 /* NetworkDataStore.h */ = {isa = PBXFileReference; lastKnownFileType = sourcecode.c.h; path = NetworkDataStore.h; sourceTree = "<group>"; };
		72C7155221B58E9E008876E8 /* NetworkDataStore.m */ = {isa = PBXFileReference; lastKnownFileType = sourcecode.c.objc; path = NetworkDataStore.m; sourceTree = "<group>"; };
		72C7155721B5A8F6008876E8 /* ReadMeViewController.h */ = {isa = PBXFileReference; lastKnownFileType = sourcecode.c.h; path = ReadMeViewController.h; sourceTree = "<group>"; };
		72C7155821B5A8F6008876E8 /* ReadMeViewController.m */ = {isa = PBXFileReference; lastKnownFileType = sourcecode.c.objc; path = ReadMeViewController.m; sourceTree = "<group>"; };
		72C7155A21B5C3EA008876E8 /* URLConverter.h */ = {isa = PBXFileReference; lastKnownFileType = sourcecode.c.h; path = URLConverter.h; sourceTree = "<group>"; };
		72C7155B21B5C3EA008876E8 /* URLConverter.m */ = {isa = PBXFileReference; lastKnownFileType = sourcecode.c.objc; path = URLConverter.m; sourceTree = "<group>"; };
		72C7156C21B6E7A7008876E8 /* NetworkRequestPractice-Bridging-Header.h */ = {isa = PBXFileReference; lastKnownFileType = sourcecode.c.h; path = "NetworkRequestPractice-Bridging-Header.h"; sourceTree = "<group>"; };
		81FBCD0FCD19C505F7ED3ABA /* Pods_NetworkRequestPracticeUITests.framework */ = {isa = PBXFileReference; explicitFileType = wrapper.framework; includeInIndex = 0; path = Pods_NetworkRequestPracticeUITests.framework; sourceTree = BUILT_PRODUCTS_DIR; };
		97BB6E28ABA244EA8FD57322 /* Pods-NetworkRequestPractice.debug.xcconfig */ = {isa = PBXFileReference; includeInIndex = 1; lastKnownFileType = text.xcconfig; name = "Pods-NetworkRequestPractice.debug.xcconfig"; path = "Pods/Target Support Files/Pods-NetworkRequestPractice/Pods-NetworkRequestPractice.debug.xcconfig"; sourceTree = "<group>"; };
		E7A2E62B1A1A7FF4213CA92F /* Pods-NetworkRequestPracticeTests.debug.xcconfig */ = {isa = PBXFileReference; includeInIndex = 1; lastKnownFileType = text.xcconfig; name = "Pods-NetworkRequestPracticeTests.debug.xcconfig"; path = "Pods/Target Support Files/Pods-NetworkRequestPracticeTests/Pods-NetworkRequestPracticeTests.debug.xcconfig"; sourceTree = "<group>"; };
		F5880254E72C7577BCF3FFE1 /* Pods-NetworkRequestPracticeUITests.release.xcconfig */ = {isa = PBXFileReference; includeInIndex = 1; lastKnownFileType = text.xcconfig; name = "Pods-NetworkRequestPracticeUITests.release.xcconfig"; path = "Pods/Target Support Files/Pods-NetworkRequestPracticeUITests/Pods-NetworkRequestPracticeUITests.release.xcconfig"; sourceTree = "<group>"; };
		FBCEDA288887B111A7A86AE9 /* Pods-NetworkRequestPractice.release.xcconfig */ = {isa = PBXFileReference; includeInIndex = 1; lastKnownFileType = text.xcconfig; name = "Pods-NetworkRequestPractice.release.xcconfig"; path = "Pods/Target Support Files/Pods-NetworkRequestPractice/Pods-NetworkRequestPractice.release.xcconfig"; sourceTree = "<group>"; };
/* End PBXFileReference section */

/* Begin PBXFrameworksBuildPhase section */
		72339F8021B06FF60041D2A3 /* Frameworks */ = {
			isa = PBXFrameworksBuildPhase;
			buildActionMask = 2147483647;
			files = (
				5F417C2790B16683A1B7C53D /* Pods_NetworkRequestPractice.framework in Frameworks */,
			);
			runOnlyForDeploymentPostprocessing = 0;
		};
		72339F9821B06FF80041D2A3 /* Frameworks */ = {
			isa = PBXFrameworksBuildPhase;
			buildActionMask = 2147483647;
			files = (
				07ABDC66701D99B3C8A9CB16 /* Pods_NetworkRequestPracticeTests.framework in Frameworks */,
			);
			runOnlyForDeploymentPostprocessing = 0;
		};
		72339FA321B06FF80041D2A3 /* Frameworks */ = {
			isa = PBXFrameworksBuildPhase;
			buildActionMask = 2147483647;
			files = (
				1B0375C5BB2B1482FA94BEE9 /* Pods_NetworkRequestPracticeUITests.framework in Frameworks */,
			);
			runOnlyForDeploymentPostprocessing = 0;
		};
/* End PBXFrameworksBuildPhase section */

/* Begin PBXGroup section */
		4CE1168EC03462453A542E06 /* Pods */ = {
			isa = PBXGroup;
			children = (
				97BB6E28ABA244EA8FD57322 /* Pods-NetworkRequestPractice.debug.xcconfig */,
				FBCEDA288887B111A7A86AE9 /* Pods-NetworkRequestPractice.release.xcconfig */,
				E7A2E62B1A1A7FF4213CA92F /* Pods-NetworkRequestPracticeTests.debug.xcconfig */,
				42EB055AD8093792E24390B6 /* Pods-NetworkRequestPracticeTests.release.xcconfig */,
				4D3AD6EE1D1BC1E3C59A6C55 /* Pods-NetworkRequestPracticeUITests.debug.xcconfig */,
				F5880254E72C7577BCF3FFE1 /* Pods-NetworkRequestPracticeUITests.release.xcconfig */,
			);
			name = Pods;
			sourceTree = "<group>";
		};
		72339F7A21B06FF60041D2A3 = {
			isa = PBXGroup;
			children = (
				72339F8521B06FF60041D2A3 /* NetworkRequestPractice */,
				72339F9E21B06FF80041D2A3 /* NetworkRequestPracticeTests */,
				72339FA921B06FF80041D2A3 /* NetworkRequestPracticeUITests */,
				72339F8421B06FF60041D2A3 /* Products */,
				4CE1168EC03462453A542E06 /* Pods */,
				FABDCD93A709BF1F7D39B505 /* Frameworks */,
				72C7156C21B6E7A7008876E8 /* NetworkRequestPractice-Bridging-Header.h */,
			);
			sourceTree = "<group>";
		};
		72339F8421B06FF60041D2A3 /* Products */ = {
			isa = PBXGroup;
			children = (
				72339F8321B06FF60041D2A3 /* NetworkRequestPractice.app */,
				72339F9B21B06FF80041D2A3 /* NetworkRequestPracticeTests.xctest */,
				72339FA621B06FF80041D2A3 /* NetworkRequestPracticeUITests.xctest */,
			);
			name = Products;
			sourceTree = "<group>";
		};
		72339F8521B06FF60041D2A3 /* NetworkRequestPractice */ = {
			isa = PBXGroup;
			children = (
				7248C11221B81A9B00F810F9 /* UsingReactiveObjC */,
				72C7156121B6DDA5008876E8 /* UsingReactive */,
				72C7156021B6DC30008876E8 /* UsingCallback */,
				72339F8621B06FF60041D2A3 /* AppDelegate.h */,
				72339F8721B06FF60041D2A3 /* AppDelegate.m */,
				72339F8C21B06FF60041D2A3 /* Main.storyboard */,
				72339F8F21B06FF80041D2A3 /* Assets.xcassets */,
				72339F9121B06FF80041D2A3 /* LaunchScreen.storyboard */,
				72339F9421B06FF80041D2A3 /* Info.plist */,
				72339F9521B06FF80041D2A3 /* main.m */,
			);
			path = NetworkRequestPractice;
			sourceTree = "<group>";
		};
		72339F9E21B06FF80041D2A3 /* NetworkRequestPracticeTests */ = {
			isa = PBXGroup;
			children = (
				72339F9F21B06FF80041D2A3 /* NetworkRequestPracticeTests.m */,
				72339FA121B06FF80041D2A3 /* Info.plist */,
				72339FC321B0988B0041D2A3 /* GitURLSessionMock.h */,
				72339FC421B0988B0041D2A3 /* GitURLSessionMock.m */,
				7239B07021B184F200F15CFA /* NetworkRequesterTest.m */,
			);
			path = NetworkRequestPracticeTests;
			sourceTree = "<group>";
		};
		72339FA921B06FF80041D2A3 /* NetworkRequestPracticeUITests */ = {
			isa = PBXGroup;
			children = (
				72339FAA21B06FF80041D2A3 /* NetworkRequestPracticeUITests.m */,
				72339FAC21B06FF80041D2A3 /* Info.plist */,
			);
			path = NetworkRequestPracticeUITests;
			sourceTree = "<group>";
		};
		7239B08121B1C40B00F15CFA /* VIewControllers */ = {
			isa = PBXGroup;
			children = (
				72339F8921B06FF60041D2A3 /* ViewController.h */,
				72339F8A21B06FF60041D2A3 /* ViewController.m */,
				7239B07E21B19DF400F15CFA /* CallbackViewController.h */,
				7239B07F21B19DF400F15CFA /* CallbackViewController.m */,
				7239B08221B1C45400F15CFA /* AddURLViewController.h */,
				7239B08321B1C45400F15CFA /* AddURLViewController.m */,
				72C7155721B5A8F6008876E8 /* ReadMeViewController.h */,
				72C7155821B5A8F6008876E8 /* ReadMeViewController.m */,
			);
			path = VIewControllers;
			sourceTree = "<group>";
		};
		7248C11221B81A9B00F810F9 /* UsingReactiveObjC */ = {
			isa = PBXGroup;
			children = (
				72A8284521B81F29006A5143 /* ViewControllers */,
				72A8284621B81F68006A5143 /* NetworkRequesterReactiveObjC.h */,
				72A8284721B81F68006A5143 /* NetworkRequesterReactiveObjC.m */,
				72A8289421B8718D006A5143 /* NetworkRequestManagerReactiveObjC.h */,
				72A8289521B8718D006A5143 /* NetworkRequestManagerReactiveObjC.m */,
				72A8289821B87D82006A5143 /* NetworkDataStoreReactiveObjC.h */,
				72A8289921B87D82006A5143 /* NetworkDataStoreReactiveObjC.m */,
			);
			path = UsingReactiveObjC;
			sourceTree = "<group>";
		};
		72A8284521B81F29006A5143 /* ViewControllers */ = {
			isa = PBXGroup;
			children = (
				72A8283F21B81CBD006A5143 /* RepositoryListObjCTableViewController.h */,
				72A8284021B81CBD006A5143 /* RepositoryListObjCTableViewController.m */,
				72A8284221B81CDD006A5143 /* AddURLObjCViewController.h */,
				72A8284321B81CDD006A5143 /* AddURLObjCViewController.m */,
			);
			path = ViewControllers;
			sourceTree = "<group>";
		};
		72C7156021B6DC30008876E8 /* UsingCallback */ = {
			isa = PBXGroup;
			children = (
				7239B08121B1C40B00F15CFA /* VIewControllers */,
				72339FB821B0701E0041D2A3 /* NetworkRequester.h */,
				72339FB921B0701E0041D2A3 /* NetworkRequester.m */,
				72339FBB21B08D8A0041D2A3 /* URLSessionProtocol.h */,
				72339FBE21B08E830041D2A3 /* GitURLSession.h */,
				72339FBF21B08E830041D2A3 /* GitURLSession.m */,
				7239B08821B1E82300F15CFA /* NetworkRequestManager.h */,
				7239B08921B1E82300F15CFA /* NetworkRequestManager.m */,
				72C7154E21B57810008876E8 /* CallbackDelegate.h */,
				72C7155121B58E9E008876E8 /* NetworkDataStore.h */,
				72C7155221B58E9E008876E8 /* NetworkDataStore.m */,
				72C7155A21B5C3EA008876E8 /* URLConverter.h */,
				72C7155B21B5C3EA008876E8 /* URLConverter.m */,
			);
			path = UsingCallback;
			sourceTree = "<group>";
		};
		72C7156121B6DDA5008876E8 /* UsingReactive */ = {
			isa = PBXGroup;
			children = (
				72C7156221B6E1FD008876E8 /* ViewControllers */,
				722112D921B6FC4B0001F576 /* NetworkRequesterReactive.swift */,
				722112DB21B710D50001F576 /* NetworkRequestManagerReactive.swift */,
				724C230A21B7661900D15F14 /* NetworkDataStoreReactive.swift */,
			);
			path = UsingReactive;
			sourceTree = "<group>";
		};
		72C7156221B6E1FD008876E8 /* ViewControllers */ = {
			isa = PBXGroup;
			children = (
				722112D421B6F9D20001F576 /* RepositoryListTableViewController.swift */,
				722112D721B6FAE30001F576 /* EnterURLViewController.swift */,
			);
			path = ViewControllers;
			sourceTree = "<group>";
		};
		FABDCD93A709BF1F7D39B505 /* Frameworks */ = {
			isa = PBXGroup;
			children = (
				3FD54C4DF73FBE22B682351E /* Pods_NetworkRequestPractice.framework */,
				623BC55F0956C8348D5E9D4C /* Pods_NetworkRequestPracticeTests.framework */,
				81FBCD0FCD19C505F7ED3ABA /* Pods_NetworkRequestPracticeUITests.framework */,
			);
			name = Frameworks;
			sourceTree = "<group>";
		};
/* End PBXGroup section */

/* Begin PBXNativeTarget section */
		72339F8221B06FF60041D2A3 /* NetworkRequestPractice */ = {
			isa = PBXNativeTarget;
			buildConfigurationList = 72339FAF21B06FF80041D2A3 /* Build configuration list for PBXNativeTarget "NetworkRequestPractice" */;
			buildPhases = (
				9A1D47B00BAFE72933EAABF7 /* [CP] Check Pods Manifest.lock */,
				72339F7F21B06FF60041D2A3 /* Sources */,
				72339F8021B06FF60041D2A3 /* Frameworks */,
				72339F8121B06FF60041D2A3 /* Resources */,
				05B166F47D0ED7559659DCB6 /* [CP] Embed Pods Frameworks */,
			);
			buildRules = (
			);
			dependencies = (
			);
			name = NetworkRequestPractice;
			productName = NetworkRequestPractice;
			productReference = 72339F8321B06FF60041D2A3 /* NetworkRequestPractice.app */;
			productType = "com.apple.product-type.application";
		};
		72339F9A21B06FF80041D2A3 /* NetworkRequestPracticeTests */ = {
			isa = PBXNativeTarget;
			buildConfigurationList = 72339FB221B06FF80041D2A3 /* Build configuration list for PBXNativeTarget "NetworkRequestPracticeTests" */;
			buildPhases = (
				0EF8740E779D8F159A368871 /* [CP] Check Pods Manifest.lock */,
				72339F9721B06FF80041D2A3 /* Sources */,
				72339F9821B06FF80041D2A3 /* Frameworks */,
				72339F9921B06FF80041D2A3 /* Resources */,
			);
			buildRules = (
			);
			dependencies = (
				72339F9D21B06FF80041D2A3 /* PBXTargetDependency */,
			);
			name = NetworkRequestPracticeTests;
			productName = NetworkRequestPracticeTests;
			productReference = 72339F9B21B06FF80041D2A3 /* NetworkRequestPracticeTests.xctest */;
			productType = "com.apple.product-type.bundle.unit-test";
		};
		72339FA521B06FF80041D2A3 /* NetworkRequestPracticeUITests */ = {
			isa = PBXNativeTarget;
			buildConfigurationList = 72339FB521B06FF80041D2A3 /* Build configuration list for PBXNativeTarget "NetworkRequestPracticeUITests" */;
			buildPhases = (
				8057A2DF4A54A8146143FF77 /* [CP] Check Pods Manifest.lock */,
				72339FA221B06FF80041D2A3 /* Sources */,
				72339FA321B06FF80041D2A3 /* Frameworks */,
				72339FA421B06FF80041D2A3 /* Resources */,
			);
			buildRules = (
			);
			dependencies = (
				72339FA821B06FF80041D2A3 /* PBXTargetDependency */,
			);
			name = NetworkRequestPracticeUITests;
			productName = NetworkRequestPracticeUITests;
			productReference = 72339FA621B06FF80041D2A3 /* NetworkRequestPracticeUITests.xctest */;
			productType = "com.apple.product-type.bundle.ui-testing";
		};
/* End PBXNativeTarget section */

/* Begin PBXProject section */
		72339F7B21B06FF60041D2A3 /* Project object */ = {
			isa = PBXProject;
			attributes = {
				LastUpgradeCheck = 1010;
				ORGANIZATIONNAME = "Ran Zhuo";
				TargetAttributes = {
					72339F8221B06FF60041D2A3 = {
						CreatedOnToolsVersion = 10.1;
						LastSwiftMigration = 1010;
					};
					72339F9A21B06FF80041D2A3 = {
						CreatedOnToolsVersion = 10.1;
						TestTargetID = 72339F8221B06FF60041D2A3;
					};
					72339FA521B06FF80041D2A3 = {
						CreatedOnToolsVersion = 10.1;
						TestTargetID = 72339F8221B06FF60041D2A3;
					};
				};
			};
			buildConfigurationList = 72339F7E21B06FF60041D2A3 /* Build configuration list for PBXProject "NetworkRequestPractice" */;
			compatibilityVersion = "Xcode 9.3";
			developmentRegion = en;
			hasScannedForEncodings = 0;
			knownRegions = (
				en,
				Base,
			);
			mainGroup = 72339F7A21B06FF60041D2A3;
			productRefGroup = 72339F8421B06FF60041D2A3 /* Products */;
			projectDirPath = "";
			projectRoot = "";
			targets = (
				72339F8221B06FF60041D2A3 /* NetworkRequestPractice */,
				72339F9A21B06FF80041D2A3 /* NetworkRequestPracticeTests */,
				72339FA521B06FF80041D2A3 /* NetworkRequestPracticeUITests */,
			);
		};
/* End PBXProject section */

/* Begin PBXResourcesBuildPhase section */
		72339F8121B06FF60041D2A3 /* Resources */ = {
			isa = PBXResourcesBuildPhase;
			buildActionMask = 2147483647;
			files = (
				72339F9321B06FF80041D2A3 /* LaunchScreen.storyboard in Resources */,
				72339F9021B06FF80041D2A3 /* Assets.xcassets in Resources */,
				72339F8E21B06FF60041D2A3 /* Main.storyboard in Resources */,
			);
			runOnlyForDeploymentPostprocessing = 0;
		};
		72339F9921B06FF80041D2A3 /* Resources */ = {
			isa = PBXResourcesBuildPhase;
			buildActionMask = 2147483647;
			files = (
			);
			runOnlyForDeploymentPostprocessing = 0;
		};
		72339FA421B06FF80041D2A3 /* Resources */ = {
			isa = PBXResourcesBuildPhase;
			buildActionMask = 2147483647;
			files = (
			);
			runOnlyForDeploymentPostprocessing = 0;
		};
/* End PBXResourcesBuildPhase section */

/* Begin PBXShellScriptBuildPhase section */
		05B166F47D0ED7559659DCB6 /* [CP] Embed Pods Frameworks */ = {
			isa = PBXShellScriptBuildPhase;
			buildActionMask = 2147483647;
			files = (
			);
			inputFileListPaths = (
			);
			inputPaths = (
				"${SRCROOT}/Pods/Target Support Files/Pods-NetworkRequestPractice/Pods-NetworkRequestPractice-frameworks.sh",
				"${BUILT_PRODUCTS_DIR}/ReactiveObjC/ReactiveObjC.framework",
				"${BUILT_PRODUCTS_DIR}/RxCocoa/RxCocoa.framework",
				"${BUILT_PRODUCTS_DIR}/RxSwift/RxSwift.framework",
			);
			name = "[CP] Embed Pods Frameworks";
			outputFileListPaths = (
			);
			outputPaths = (
				"${TARGET_BUILD_DIR}/${FRAMEWORKS_FOLDER_PATH}/ReactiveObjC.framework",
				"${TARGET_BUILD_DIR}/${FRAMEWORKS_FOLDER_PATH}/RxCocoa.framework",
				"${TARGET_BUILD_DIR}/${FRAMEWORKS_FOLDER_PATH}/RxSwift.framework",
			);
			runOnlyForDeploymentPostprocessing = 0;
			shellPath = /bin/sh;
			shellScript = "\"${SRCROOT}/Pods/Target Support Files/Pods-NetworkRequestPractice/Pods-NetworkRequestPractice-frameworks.sh\"\n";
			showEnvVarsInLog = 0;
		};
		0EF8740E779D8F159A368871 /* [CP] Check Pods Manifest.lock */ = {
			isa = PBXShellScriptBuildPhase;
			buildActionMask = 2147483647;
			files = (
			);
			inputFileListPaths = (
			);
			inputPaths = (
				"${PODS_PODFILE_DIR_PATH}/Podfile.lock",
				"${PODS_ROOT}/Manifest.lock",
			);
			name = "[CP] Check Pods Manifest.lock";
			outputFileListPaths = (
			);
			outputPaths = (
				"$(DERIVED_FILE_DIR)/Pods-NetworkRequestPracticeTests-checkManifestLockResult.txt",
			);
			runOnlyForDeploymentPostprocessing = 0;
			shellPath = /bin/sh;
			shellScript = "diff \"${PODS_PODFILE_DIR_PATH}/Podfile.lock\" \"${PODS_ROOT}/Manifest.lock\" > /dev/null\nif [ $? != 0 ] ; then\n    # print error to STDERR\n    echo \"error: The sandbox is not in sync with the Podfile.lock. Run 'pod install' or update your CocoaPods installation.\" >&2\n    exit 1\nfi\n# This output is used by Xcode 'outputs' to avoid re-running this script phase.\necho \"SUCCESS\" > \"${SCRIPT_OUTPUT_FILE_0}\"\n";
			showEnvVarsInLog = 0;
		};
		8057A2DF4A54A8146143FF77 /* [CP] Check Pods Manifest.lock */ = {
			isa = PBXShellScriptBuildPhase;
			buildActionMask = 2147483647;
			files = (
			);
			inputFileListPaths = (
			);
			inputPaths = (
				"${PODS_PODFILE_DIR_PATH}/Podfile.lock",
				"${PODS_ROOT}/Manifest.lock",
			);
			name = "[CP] Check Pods Manifest.lock";
			outputFileListPaths = (
			);
			outputPaths = (
				"$(DERIVED_FILE_DIR)/Pods-NetworkRequestPracticeUITests-checkManifestLockResult.txt",
			);
			runOnlyForDeploymentPostprocessing = 0;
			shellPath = /bin/sh;
			shellScript = "diff \"${PODS_PODFILE_DIR_PATH}/Podfile.lock\" \"${PODS_ROOT}/Manifest.lock\" > /dev/null\nif [ $? != 0 ] ; then\n    # print error to STDERR\n    echo \"error: The sandbox is not in sync with the Podfile.lock. Run 'pod install' or update your CocoaPods installation.\" >&2\n    exit 1\nfi\n# This output is used by Xcode 'outputs' to avoid re-running this script phase.\necho \"SUCCESS\" > \"${SCRIPT_OUTPUT_FILE_0}\"\n";
			showEnvVarsInLog = 0;
		};
		9A1D47B00BAFE72933EAABF7 /* [CP] Check Pods Manifest.lock */ = {
			isa = PBXShellScriptBuildPhase;
			buildActionMask = 2147483647;
			files = (
			);
			inputFileListPaths = (
			);
			inputPaths = (
				"${PODS_PODFILE_DIR_PATH}/Podfile.lock",
				"${PODS_ROOT}/Manifest.lock",
			);
			name = "[CP] Check Pods Manifest.lock";
			outputFileListPaths = (
			);
			outputPaths = (
				"$(DERIVED_FILE_DIR)/Pods-NetworkRequestPractice-checkManifestLockResult.txt",
			);
			runOnlyForDeploymentPostprocessing = 0;
			shellPath = /bin/sh;
			shellScript = "diff \"${PODS_PODFILE_DIR_PATH}/Podfile.lock\" \"${PODS_ROOT}/Manifest.lock\" > /dev/null\nif [ $? != 0 ] ; then\n    # print error to STDERR\n    echo \"error: The sandbox is not in sync with the Podfile.lock. Run 'pod install' or update your CocoaPods installation.\" >&2\n    exit 1\nfi\n# This output is used by Xcode 'outputs' to avoid re-running this script phase.\necho \"SUCCESS\" > \"${SCRIPT_OUTPUT_FILE_0}\"\n";
			showEnvVarsInLog = 0;
		};
/* End PBXShellScriptBuildPhase section */

/* Begin PBXSourcesBuildPhase section */
		72339F7F21B06FF60041D2A3 /* Sources */ = {
			isa = PBXSourcesBuildPhase;
			buildActionMask = 2147483647;
			files = (
				722112DA21B6FC4B0001F576 /* NetworkRequesterReactive.swift in Sources */,
				7239B08A21B1E82300F15CFA /* NetworkRequestManager.m in Sources */,
				72A8284421B81CDD006A5143 /* AddURLObjCViewController.m in Sources */,
				72339F8B21B06FF60041D2A3 /* ViewController.m in Sources */,
				7239B08421B1C45400F15CFA /* AddURLViewController.m in Sources */,
				72A8289A21B87D82006A5143 /* NetworkDataStoreReactiveObjC.m in Sources */,
				7239B08021B19DF400F15CFA /* CallbackViewController.m in Sources */,
				72C7155921B5A8F6008876E8 /* ReadMeViewController.m in Sources */,
				72C7155321B58E9E008876E8 /* NetworkDataStore.m in Sources */,
				722112DC21B710D50001F576 /* NetworkRequestManagerReactive.swift in Sources */,
				722112D521B6F9D20001F576 /* RepositoryListTableViewController.swift in Sources */,
				72339F9621B06FF80041D2A3 /* main.m in Sources */,
				72A8284821B81F68006A5143 /* NetworkRequesterReactiveObjC.m in Sources */,
				72339F8821B06FF60041D2A3 /* AppDelegate.m in Sources */,
				72A8289621B8718D006A5143 /* NetworkRequestManagerReactiveObjC.m in Sources */,
				722112D821B6FAE30001F576 /* EnterURLViewController.swift in Sources */,
				72339FBA21B0701E0041D2A3 /* NetworkRequester.m in Sources */,
				724C230B21B7661900D15F14 /* NetworkDataStoreReactive.swift in Sources */,
				72339FC021B08E830041D2A3 /* GitURLSession.m in Sources */,
				72C7155C21B5C3EA008876E8 /* URLConverter.m in Sources */,
				72A8284121B81CBD006A5143 /* RepositoryListObjCTableViewController.m in Sources */,
			);
			runOnlyForDeploymentPostprocessing = 0;
		};
		72339F9721B06FF80041D2A3 /* Sources */ = {
			isa = PBXSourcesBuildPhase;
			buildActionMask = 2147483647;
			files = (
				72339FA021B06FF80041D2A3 /* NetworkRequestPracticeTests.m in Sources */,
				7239B07121B184F200F15CFA /* NetworkRequesterTest.m in Sources */,
				72339FC521B0988B0041D2A3 /* GitURLSessionMock.m in Sources */,
				7239B07821B1868100F15CFA /* NetworkRequester.m in Sources */,
			);
			runOnlyForDeploymentPostprocessing = 0;
		};
		72339FA221B06FF80041D2A3 /* Sources */ = {
			isa = PBXSourcesBuildPhase;
			buildActionMask = 2147483647;
			files = (
				72339FAB21B06FF80041D2A3 /* NetworkRequestPracticeUITests.m in Sources */,
			);
			runOnlyForDeploymentPostprocessing = 0;
		};
/* End PBXSourcesBuildPhase section */

/* Begin PBXTargetDependency section */
		72339F9D21B06FF80041D2A3 /* PBXTargetDependency */ = {
			isa = PBXTargetDependency;
			target = 72339F8221B06FF60041D2A3 /* NetworkRequestPractice */;
			targetProxy = 72339F9C21B06FF80041D2A3 /* PBXContainerItemProxy */;
		};
		72339FA821B06FF80041D2A3 /* PBXTargetDependency */ = {
			isa = PBXTargetDependency;
			target = 72339F8221B06FF60041D2A3 /* NetworkRequestPractice */;
			targetProxy = 72339FA721B06FF80041D2A3 /* PBXContainerItemProxy */;
		};
/* End PBXTargetDependency section */

/* Begin PBXVariantGroup section */
		72339F8C21B06FF60041D2A3 /* Main.storyboard */ = {
			isa = PBXVariantGroup;
			children = (
				72339F8D21B06FF60041D2A3 /* Base */,
			);
			name = Main.storyboard;
			sourceTree = "<group>";
		};
		72339F9121B06FF80041D2A3 /* LaunchScreen.storyboard */ = {
			isa = PBXVariantGroup;
			children = (
				72339F9221B06FF80041D2A3 /* Base */,
			);
			name = LaunchScreen.storyboard;
			sourceTree = "<group>";
		};
/* End PBXVariantGroup section */

/* Begin XCBuildConfiguration section */
		72339FAD21B06FF80041D2A3 /* Debug */ = {
			isa = XCBuildConfiguration;
			buildSettings = {
				ALWAYS_SEARCH_USER_PATHS = NO;
				CLANG_ANALYZER_NONNULL = YES;
				CLANG_ANALYZER_NUMBER_OBJECT_CONVERSION = YES_AGGRESSIVE;
				CLANG_CXX_LANGUAGE_STANDARD = "gnu++14";
				CLANG_CXX_LIBRARY = "libc++";
				CLANG_ENABLE_MODULES = YES;
				CLANG_ENABLE_OBJC_ARC = YES;
				CLANG_ENABLE_OBJC_WEAK = YES;
				CLANG_WARN_BLOCK_CAPTURE_AUTORELEASING = YES;
				CLANG_WARN_BOOL_CONVERSION = YES;
				CLANG_WARN_COMMA = YES;
				CLANG_WARN_CONSTANT_CONVERSION = YES;
				CLANG_WARN_DEPRECATED_OBJC_IMPLEMENTATIONS = YES;
				CLANG_WARN_DIRECT_OBJC_ISA_USAGE = YES_ERROR;
				CLANG_WARN_DOCUMENTATION_COMMENTS = YES;
				CLANG_WARN_EMPTY_BODY = YES;
				CLANG_WARN_ENUM_CONVERSION = YES;
				CLANG_WARN_INFINITE_RECURSION = YES;
				CLANG_WARN_INT_CONVERSION = YES;
				CLANG_WARN_NON_LITERAL_NULL_CONVERSION = YES;
				CLANG_WARN_OBJC_IMPLICIT_RETAIN_SELF = YES;
				CLANG_WARN_OBJC_LITERAL_CONVERSION = YES;
				CLANG_WARN_OBJC_ROOT_CLASS = YES_ERROR;
				CLANG_WARN_RANGE_LOOP_ANALYSIS = YES;
				CLANG_WARN_STRICT_PROTOTYPES = YES;
				CLANG_WARN_SUSPICIOUS_MOVE = YES;
				CLANG_WARN_UNGUARDED_AVAILABILITY = YES_AGGRESSIVE;
				CLANG_WARN_UNREACHABLE_CODE = YES;
				CLANG_WARN__DUPLICATE_METHOD_MATCH = YES;
				CODE_SIGN_IDENTITY = "iPhone Developer";
				COPY_PHASE_STRIP = NO;
				DEBUG_INFORMATION_FORMAT = dwarf;
				ENABLE_STRICT_OBJC_MSGSEND = YES;
				ENABLE_TESTABILITY = YES;
				GCC_C_LANGUAGE_STANDARD = gnu11;
				GCC_DYNAMIC_NO_PIC = NO;
				GCC_NO_COMMON_BLOCKS = YES;
				GCC_OPTIMIZATION_LEVEL = 0;
				GCC_PREPROCESSOR_DEFINITIONS = (
					"DEBUG=1",
					"$(inherited)",
				);
				GCC_WARN_64_TO_32_BIT_CONVERSION = YES;
				GCC_WARN_ABOUT_RETURN_TYPE = YES_ERROR;
				GCC_WARN_UNDECLARED_SELECTOR = YES;
				GCC_WARN_UNINITIALIZED_AUTOS = YES_AGGRESSIVE;
				GCC_WARN_UNUSED_FUNCTION = YES;
				GCC_WARN_UNUSED_VARIABLE = YES;
				IPHONEOS_DEPLOYMENT_TARGET = 12.1;
				MTL_ENABLE_DEBUG_INFO = INCLUDE_SOURCE;
				MTL_FAST_MATH = YES;
				ONLY_ACTIVE_ARCH = YES;
				SDKROOT = iphoneos;
			};
			name = Debug;
		};
		72339FAE21B06FF80041D2A3 /* Release */ = {
			isa = XCBuildConfiguration;
			buildSettings = {
				ALWAYS_SEARCH_USER_PATHS = NO;
				CLANG_ANALYZER_NONNULL = YES;
				CLANG_ANALYZER_NUMBER_OBJECT_CONVERSION = YES_AGGRESSIVE;
				CLANG_CXX_LANGUAGE_STANDARD = "gnu++14";
				CLANG_CXX_LIBRARY = "libc++";
				CLANG_ENABLE_MODULES = YES;
				CLANG_ENABLE_OBJC_ARC = YES;
				CLANG_ENABLE_OBJC_WEAK = YES;
				CLANG_WARN_BLOCK_CAPTURE_AUTORELEASING = YES;
				CLANG_WARN_BOOL_CONVERSION = YES;
				CLANG_WARN_COMMA = YES;
				CLANG_WARN_CONSTANT_CONVERSION = YES;
				CLANG_WARN_DEPRECATED_OBJC_IMPLEMENTATIONS = YES;
				CLANG_WARN_DIRECT_OBJC_ISA_USAGE = YES_ERROR;
				CLANG_WARN_DOCUMENTATION_COMMENTS = YES;
				CLANG_WARN_EMPTY_BODY = YES;
				CLANG_WARN_ENUM_CONVERSION = YES;
				CLANG_WARN_INFINITE_RECURSION = YES;
				CLANG_WARN_INT_CONVERSION = YES;
				CLANG_WARN_NON_LITERAL_NULL_CONVERSION = YES;
				CLANG_WARN_OBJC_IMPLICIT_RETAIN_SELF = YES;
				CLANG_WARN_OBJC_LITERAL_CONVERSION = YES;
				CLANG_WARN_OBJC_ROOT_CLASS = YES_ERROR;
				CLANG_WARN_RANGE_LOOP_ANALYSIS = YES;
				CLANG_WARN_STRICT_PROTOTYPES = YES;
				CLANG_WARN_SUSPICIOUS_MOVE = YES;
				CLANG_WARN_UNGUARDED_AVAILABILITY = YES_AGGRESSIVE;
				CLANG_WARN_UNREACHABLE_CODE = YES;
				CLANG_WARN__DUPLICATE_METHOD_MATCH = YES;
				CODE_SIGN_IDENTITY = "iPhone Developer";
				COPY_PHASE_STRIP = NO;
				DEBUG_INFORMATION_FORMAT = "dwarf-with-dsym";
				ENABLE_NS_ASSERTIONS = NO;
				ENABLE_STRICT_OBJC_MSGSEND = YES;
				GCC_C_LANGUAGE_STANDARD = gnu11;
				GCC_NO_COMMON_BLOCKS = YES;
				GCC_WARN_64_TO_32_BIT_CONVERSION = YES;
				GCC_WARN_ABOUT_RETURN_TYPE = YES_ERROR;
				GCC_WARN_UNDECLARED_SELECTOR = YES;
				GCC_WARN_UNINITIALIZED_AUTOS = YES_AGGRESSIVE;
				GCC_WARN_UNUSED_FUNCTION = YES;
				GCC_WARN_UNUSED_VARIABLE = YES;
				IPHONEOS_DEPLOYMENT_TARGET = 12.1;
				MTL_ENABLE_DEBUG_INFO = NO;
				MTL_FAST_MATH = YES;
				SDKROOT = iphoneos;
				VALIDATE_PRODUCT = YES;
			};
			name = Release;
		};
		72339FB021B06FF80041D2A3 /* Debug */ = {
			isa = XCBuildConfiguration;
			baseConfigurationReference = 97BB6E28ABA244EA8FD57322 /* Pods-NetworkRequestPractice.debug.xcconfig */;
			buildSettings = {
				ASSETCATALOG_COMPILER_APPICON_NAME = AppIcon;
				CLANG_ENABLE_MODULES = YES;
				CODE_SIGN_STYLE = Automatic;
				DEVELOPMENT_TEAM = S3Q8695S88;
				INFOPLIST_FILE = NetworkRequestPractice/Info.plist;
				LD_RUNPATH_SEARCH_PATHS = (
					"$(inherited)",
					"@executable_path/Frameworks",
				);
				PRODUCT_BUNDLE_IDENTIFIER = whatever.NetworkRequestPractice;
				PRODUCT_NAME = "$(TARGET_NAME)";
				SWIFT_OBJC_BRIDGING_HEADER = "NetworkRequestPractice-Bridging-Header.h";
				SWIFT_OPTIMIZATION_LEVEL = "-Onone";
				SWIFT_VERSION = 4.2;
				TARGETED_DEVICE_FAMILY = "1,2";
			};
			name = Debug;
		};
		72339FB121B06FF80041D2A3 /* Release */ = {
			isa = XCBuildConfiguration;
			baseConfigurationReference = FBCEDA288887B111A7A86AE9 /* Pods-NetworkRequestPractice.release.xcconfig */;
			buildSettings = {
				ASSETCATALOG_COMPILER_APPICON_NAME = AppIcon;
				CLANG_ENABLE_MODULES = YES;
				CODE_SIGN_STYLE = Automatic;
				DEVELOPMENT_TEAM = S3Q8695S88;
				INFOPLIST_FILE = NetworkRequestPractice/Info.plist;
				LD_RUNPATH_SEARCH_PATHS = (
					"$(inherited)",
					"@executable_path/Frameworks",
				);
				PRODUCT_BUNDLE_IDENTIFIER = whatever.NetworkRequestPractice;
				PRODUCT_NAME = "$(TARGET_NAME)";
				SWIFT_OBJC_BRIDGING_HEADER = "NetworkRequestPractice-Bridging-Header.h";
				SWIFT_VERSION = 4.2;
				TARGETED_DEVICE_FAMILY = "1,2";
			};
			name = Release;
		};
		72339FB321B06FF80041D2A3 /* Debug */ = {
			isa = XCBuildConfiguration;
			baseConfigurationReference = E7A2E62B1A1A7FF4213CA92F /* Pods-NetworkRequestPracticeTests.debug.xcconfig */;
			buildSettings = {
				ALWAYS_EMBED_SWIFT_STANDARD_LIBRARIES = YES;
				BUNDLE_LOADER = "$(TEST_HOST)";
				CODE_SIGN_STYLE = Automatic;
				DEVELOPMENT_TEAM = S3Q8695S88;
				INFOPLIST_FILE = NetworkRequestPracticeTests/Info.plist;
				LD_RUNPATH_SEARCH_PATHS = (
					"$(inherited)",
					"@executable_path/Frameworks",
					"@loader_path/Frameworks",
				);
				PRODUCT_BUNDLE_IDENTIFIER = whatever.NetworkRequestPracticeTests;
				PRODUCT_NAME = "$(TARGET_NAME)";
				TARGETED_DEVICE_FAMILY = "1,2";
				TEST_HOST = "$(BUILT_PRODUCTS_DIR)/NetworkRequestPractice.app/NetworkRequestPractice";
			};
			name = Debug;
		};
		72339FB421B06FF80041D2A3 /* Release */ = {
			isa = XCBuildConfiguration;
			baseConfigurationReference = 42EB055AD8093792E24390B6 /* Pods-NetworkRequestPracticeTests.release.xcconfig */;
			buildSettings = {
				ALWAYS_EMBED_SWIFT_STANDARD_LIBRARIES = YES;
				BUNDLE_LOADER = "$(TEST_HOST)";
				CODE_SIGN_STYLE = Automatic;
				DEVELOPMENT_TEAM = S3Q8695S88;
				INFOPLIST_FILE = NetworkRequestPracticeTests/Info.plist;
				LD_RUNPATH_SEARCH_PATHS = (
					"$(inherited)",
					"@executable_path/Frameworks",
					"@loader_path/Frameworks",
				);
				PRODUCT_BUNDLE_IDENTIFIER = whatever.NetworkRequestPracticeTests;
				PRODUCT_NAME = "$(TARGET_NAME)";
				TARGETED_DEVICE_FAMILY = "1,2";
				TEST_HOST = "$(BUILT_PRODUCTS_DIR)/NetworkRequestPractice.app/NetworkRequestPractice";
			};
			name = Release;
		};
		72339FB621B06FF80041D2A3 /* Debug */ = {
			isa = XCBuildConfiguration;
			baseConfigurationReference = 4D3AD6EE1D1BC1E3C59A6C55 /* Pods-NetworkRequestPracticeUITests.debug.xcconfig */;
			buildSettings = {
				ALWAYS_EMBED_SWIFT_STANDARD_LIBRARIES = YES;
				CODE_SIGN_STYLE = Automatic;
				DEVELOPMENT_TEAM = S3Q8695S88;
				INFOPLIST_FILE = NetworkRequestPracticeUITests/Info.plist;
				LD_RUNPATH_SEARCH_PATHS = (
					"$(inherited)",
					"@executable_path/Frameworks",
					"@loader_path/Frameworks",
				);
				PRODUCT_BUNDLE_IDENTIFIER = whatever.NetworkRequestPracticeUITests;
				PRODUCT_NAME = "$(TARGET_NAME)";
				TARGETED_DEVICE_FAMILY = "1,2";
				TEST_TARGET_NAME = NetworkRequestPractice;
			};
			name = Debug;
		};
		72339FB721B06FF80041D2A3 /* Release */ = {
			isa = XCBuildConfiguration;
			baseConfigurationReference = F5880254E72C7577BCF3FFE1 /* Pods-NetworkRequestPracticeUITests.release.xcconfig */;
			buildSettings = {
				ALWAYS_EMBED_SWIFT_STANDARD_LIBRARIES = YES;
				CODE_SIGN_STYLE = Automatic;
				DEVELOPMENT_TEAM = S3Q8695S88;
				INFOPLIST_FILE = NetworkRequestPracticeUITests/Info.plist;
				LD_RUNPATH_SEARCH_PATHS = (
					"$(inherited)",
					"@executable_path/Frameworks",
					"@loader_path/Frameworks",
				);
				PRODUCT_BUNDLE_IDENTIFIER = whatever.NetworkRequestPracticeUITests;
				PRODUCT_NAME = "$(TARGET_NAME)";
				TARGETED_DEVICE_FAMILY = "1,2";
				TEST_TARGET_NAME = NetworkRequestPractice;
			};
			name = Release;
		};
/* End XCBuildConfiguration section */

/* Begin XCConfigurationList section */
		72339F7E21B06FF60041D2A3 /* Build configuration list for PBXProject "NetworkRequestPractice" */ = {
			isa = XCConfigurationList;
			buildConfigurations = (
				72339FAD21B06FF80041D2A3 /* Debug */,
				72339FAE21B06FF80041D2A3 /* Release */,
			);
			defaultConfigurationIsVisible = 0;
			defaultConfigurationName = Release;
		};
		72339FAF21B06FF80041D2A3 /* Build configuration list for PBXNativeTarget "NetworkRequestPractice" */ = {
			isa = XCConfigurationList;
			buildConfigurations = (
				72339FB021B06FF80041D2A3 /* Debug */,
				72339FB121B06FF80041D2A3 /* Release */,
			);
			defaultConfigurationIsVisible = 0;
			defaultConfigurationName = Release;
		};
		72339FB221B06FF80041D2A3 /* Build configuration list for PBXNativeTarget "NetworkRequestPracticeTests" */ = {
			isa = XCConfigurationList;
			buildConfigurations = (
				72339FB321B06FF80041D2A3 /* Debug */,
				72339FB421B06FF80041D2A3 /* Release */,
			);
			defaultConfigurationIsVisible = 0;
			defaultConfigurationName = Release;
		};
		72339FB521B06FF80041D2A3 /* Build configuration list for PBXNativeTarget "NetworkRequestPracticeUITests" */ = {
			isa = XCConfigurationList;
			buildConfigurations = (
				72339FB621B06FF80041D2A3 /* Debug */,
				72339FB721B06FF80041D2A3 /* Release */,
			);
			defaultConfigurationIsVisible = 0;
			defaultConfigurationName = Release;
		};
/* End XCConfigurationList section */
	};
	rootObject = 72339F7B21B06FF60041D2A3 /* Project object */;
}
